
Microsoft Visual Studio Solution File, Format Version 12.00
# Visual Studio Version 17
VisualStudioVersion = 17.10.34916.146
MinimumVisualStudioVersion = 10.0.40219.1
Project("{9A19103F-16F7-4668-BE54-9A1E7A4F7556}") = "ExercicioPraticoI", "ExercicioPratico01\ExercicioPraticoI.csproj", "{75FECCC2-873D-4D7E-8492-733280F903B5}"
EndProject
Project("{9A19103F-16F7-4668-BE54-9A1E7A4F7556}") = "ExercicioPraticoII", "ExercicioPratico02\ExercicioPraticoII.csproj", "{A6954E8B-1ADA-4089-957E-4EA062C28B11}"
EndProject
Project("{FAE04EC0-301F-11D3-BF4B-00C04F79EFBC}") = "ExercicioPraticoIII", "ExercicioPraticoIII\ExercicioPraticoIII.csproj", "{6704B251-3F58-417E-99F6-67DD2E5D56FD}"
EndProject
Project("{FAE04EC0-301F-11D3-BF4B-00C04F79EFBC}") = "ExercicioPraticoIV", "ExercicioPraticoIV\ExercicioPraticoIV.csproj", "{08EACDBD-004A-4744-AFCD-61DFA34B003B}"
EndProject
Project("{FAE04EC0-301F-11D3-BF4B-00C04F79EFBC}") = "ExercicioPraticoVI", "ExercicioPraticoVI\ExercicioPraticoVI.csproj", "{3C21EFC8-EEBD-4CF7-AD0F-4C403A89D0F3}"
EndProject
Project("{FAE04EC0-301F-11D3-BF4B-00C04F79EFBC}") = "ExercicioPraticoV", "ExercicioPraticoV\ExercicioPraticoV.csproj", "{AADD2871-733D-4224-94B8-0613BD3BF36B}"
EndProject
Project("{FAE04EC0-301F-11D3-BF4B-00C04F79EFBC}") = "ExercicioPraticoVII", "ExercicioPraticoVII\ExercicioPraticoVII.csproj", "{BE8AFE3D-0DFA-4B35-BD58-9FD7561C142C}"
EndProject
Project("{FAE04EC0-301F-11D3-BF4B-00C04F79EFBC}") = "ExercicioPraticoVIII", "ExercicioPratico07\ExercicioPraticoVIII.csproj", "{5CBCD416-70A7-434A-A492-42776BC4DD20}"
EndProject
Project("{FAE04EC0-301F-11D3-BF4B-00C04F79EFBC}") = "ExercicioPraticoIX", "ExercicioPraticoIX\ExercicioPraticoIX.csproj", "{D918BF12-C55F-4162-AE88-977C70B05249}"
EndProject
Project("{FAE04EC0-301F-11D3-BF4B-00C04F79EFBC}") = "ExercicioPraticoX", "ExercicioPraticoX\ExercicioPraticoX.csproj", "{8EBBCBC7-004B-4EB6-B0FD-49444AD04419}"
EndProject
Global
	GlobalSection(SolutionConfigurationPlatforms) = preSolution
		Debug|Any CPU = Debug|Any CPU
		Release|Any CPU = Release|Any CPU
	EndGlobalSection
	GlobalSection(ProjectConfigurationPlatforms) = postSolution
		{75FECCC2-873D-4D7E-8492-733280F903B5}.Debug|Any CPU.ActiveCfg = Debug|Any CPU
		{75FECCC2-873D-4D7E-8492-733280F903B5}.Debug|Any CPU.Build.0 = Debug|Any CPU
		{75FECCC2-873D-4D7E-8492-733280F903B5}.Release|Any CPU.ActiveCfg = Release|Any CPU
		{75FECCC2-873D-4D7E-8492-733280F903B5}.Release|Any CPU.Build.0 = Release|Any CPU
		{A6954E8B-1ADA-4089-957E-4EA062C28B11}.Debug|Any CPU.ActiveCfg = Debug|Any CPU
		{A6954E8B-1ADA-4089-957E-4EA062C28B11}.Debug|Any CPU.Build.0 = Debug|Any CPU
		{A6954E8B-1ADA-4089-957E-4EA062C28B11}.Release|Any CPU.ActiveCfg = Release|Any CPU
		{A6954E8B-1ADA-4089-957E-4EA062C28B11}.Release|Any CPU.Build.0 = Release|Any CPU
		{6704B251-3F58-417E-99F6-67DD2E5D56FD}.Debug|Any CPU.ActiveCfg = Debug|Any CPU
		{6704B251-3F58-417E-99F6-67DD2E5D56FD}.Debug|Any CPU.Build.0 = Debug|Any CPU
		{6704B251-3F58-417E-99F6-67DD2E5D56FD}.Release|Any CPU.ActiveCfg = Release|Any CPU
		{6704B251-3F58-417E-99F6-67DD2E5D56FD}.Release|Any CPU.Build.0 = Release|Any CPU
		{08EACDBD-004A-4744-AFCD-61DFA34B003B}.Debug|Any CPU.ActiveCfg = Debug|Any CPU
		{08EACDBD-004A-4744-AFCD-61DFA34B003B}.Debug|Any CPU.Build.0 = Debug|Any CPU
		{08EACDBD-004A-4744-AFCD-61DFA34B003B}.Release|Any CPU.ActiveCfg = Release|Any CPU
		{08EACDBD-004A-4744-AFCD-61DFA34B003B}.Release|Any CPU.Build.0 = Release|Any CPU
		{3C21EFC8-EEBD-4CF7-AD0F-4C403A89D0F3}.Debug|Any CPU.ActiveCfg = Debug|Any CPU
		{3C21EFC8-EEBD-4CF7-AD0F-4C403A89D0F3}.Debug|Any CPU.Build.0 = Debug|Any CPU
		{3C21EFC8-EEBD-4CF7-AD0F-4C403A89D0F3}.Release|Any CPU.ActiveCfg = Release|Any CPU
		{3C21EFC8-EEBD-4CF7-AD0F-4C403A89D0F3}.Release|Any CPU.Build.0 = Release|Any CPU
		{AADD2871-733D-4224-94B8-0613BD3BF36B}.Debug|Any CPU.ActiveCfg = Debug|Any CPU
		{AADD2871-733D-4224-94B8-0613BD3BF36B}.Debug|Any CPU.Build.0 = Debug|Any CPU
		{AADD2871-733D-4224-94B8-0613BD3BF36B}.Release|Any CPU.ActiveCfg = Release|Any CPU
		{AADD2871-733D-4224-94B8-0613BD3BF36B}.Release|Any CPU.Build.0 = Release|Any CPU
		{BE8AFE3D-0DFA-4B35-BD58-9FD7561C142C}.Debug|Any CPU.ActiveCfg = Debug|Any CPU
		{BE8AFE3D-0DFA-4B35-BD58-9FD7561C142C}.Debug|Any CPU.Build.0 = Debug|Any CPU
		{BE8AFE3D-0DFA-4B35-BD58-9FD7561C142C}.Release|Any CPU.ActiveCfg = Release|Any CPU
		{BE8AFE3D-0DFA-4B35-BD58-9FD7561C142C}.Release|Any CPU.Build.0 = Release|Any CPU
		{5CBCD416-70A7-434A-A492-42776BC4DD20}.Debug|Any CPU.ActiveCfg = Debug|Any CPU
		{5CBCD416-70A7-434A-A492-42776BC4DD20}.Debug|Any CPU.Build.0 = Debug|Any CPU
		{5CBCD416-70A7-434A-A492-42776BC4DD20}.Release|Any CPU.ActiveCfg = Release|Any CPU
		{5CBCD416-70A7-434A-A492-42776BC4DD20}.Release|Any CPU.Build.0 = Release|Any CPU
		{D918BF12-C55F-4162-AE88-977C70B05249}.Debug|Any CPU.ActiveCfg = Debug|Any CPU
		{D918BF12-C55F-4162-AE88-977C70B05249}.Debug|Any CPU.Build.0 = Debug|Any CPU
		{D918BF12-C55F-4162-AE88-977C70B05249}.Release|Any CPU.ActiveCfg = Release|Any CPU
		{D918BF12-C55F-4162-AE88-977C70B05249}.Release|Any CPU.Build.0 = Release|Any CPU
		{8EBBCBC7-004B-4EB6-B0FD-49444AD04419}.Debug|Any CPU.ActiveCfg = Debug|Any CPU
		{8EBBCBC7-004B-4EB6-B0FD-49444AD04419}.Debug|Any CPU.Build.0 = Debug|Any CPU
		{8EBBCBC7-004B-4EB6-B0FD-49444AD04419}.Release|Any CPU.ActiveCfg = Release|Any CPU
		{8EBBCBC7-004B-4EB6-B0FD-49444AD04419}.Release|Any CPU.Build.0 = Release|Any CPU
	EndGlobalSection
	GlobalSection(SolutionProperties) = preSolution
		HideSolutionNode = FALSE
	EndGlobalSection
	GlobalSection(ExtensibilityGlobals) = postSolution
		SolutionGuid = {E6856AD8-EE0A-4A81-ADBB-8084469A0F09}
	EndGlobalSection
EndGlobal
