
Microsoft Visual Studio Solution File, Format Version 12.00
# Visual Studio Version 17
VisualStudioVersion = 17.10.34916.146
MinimumVisualStudioVersion = 10.0.40219.1
Project("{9A19103F-16F7-4668-BE54-9A1E7A4F7556}") = "ArrayI", "ArraysList\ArrayI.csproj", "{1C4FF4E1-C239-42E3-A961-58DF79AD9A7F}"
EndProject
Project("{9A19103F-16F7-4668-BE54-9A1E7A4F7556}") = "ArrayII", "ArrayII\ArrayII.csproj", "{FBB4884E-6AF9-4E92-B703-BA2479FA8BAD}"
EndProject
Project("{9A19103F-16F7-4668-BE54-9A1E7A4F7556}") = "ArrayIII", "ArrayIII\ArrayIII.csproj", "{4CB181D1-E07D-4C08-90E7-DFD2A5EFFDC0}"
EndProject
Project("{9A19103F-16F7-4668-BE54-9A1E7A4F7556}") = "ClassArray", "ClassArray\ClassArray.csproj", "{9820E804-B299-4BE8-8D6C-1E5A8ED5058D}"
EndProject
Project("{FAE04EC0-301F-11D3-BF4B-00C04F79EFBC}") = "ExerciciosArray", "ExerciciosArray\ExerciciosArray.csproj", "{E17D15B6-0F69-4BB8-8351-07E35F147FAA}"
EndProject
Project("{FAE04EC0-301F-11D3-BF4B-00C04F79EFBC}") = "ModificadorParam", "ModificadorParam\ModificadorParam.csproj", "{EC036A73-5EF9-4251-B40C-BEEDFA9A3B6B}"
EndProject
Project("{FAE04EC0-301F-11D3-BF4B-00C04F79EFBC}") = "ArrayMultidimensionalI", "ArrayMultidimensionalI\ArrayMultidimensionalI.csproj", "{AA901048-BA14-42F3-8AD8-E7CFE19A76F0}"
EndProject
Project("{FAE04EC0-301F-11D3-BF4B-00C04F79EFBC}") = "ArrayMultidimensionalII", "ArrayMultidimensionalII\ArrayMultidimensionalII.csproj", "{24482F57-E6DB-4189-A1B3-D23C6E27ED38}"
EndProject
Project("{FAE04EC0-301F-11D3-BF4B-00C04F79EFBC}") = "ExercicioArrayBidimensional", "ExercicioArrayBidimensional\ExercicioArrayBidimensional.csproj", "{5CAA35C3-E5C9-425F-9304-EAD30A5D6580}"
EndProject
Project("{FAE04EC0-301F-11D3-BF4B-00C04F79EFBC}") = "ArrayListI", "ArrayListI\ArrayListI.csproj", "{EC911BBC-612B-4E55-85C2-B799EE3474C4}"
EndProject
Project("{FAE04EC0-301F-11D3-BF4B-00C04F79EFBC}") = "ArrayListII", "ArrayListII\ArrayListII.csproj", "{444CF77D-185C-420D-B363-1963865204B5}"
EndProject
Project("{FAE04EC0-301F-11D3-BF4B-00C04F79EFBC}") = "ArrayListIII", "ArrayListIII\ArrayListIII.csproj", "{A2769166-93DA-411E-BCBA-26A084D13275}"
EndProject
Project("{FAE04EC0-301F-11D3-BF4B-00C04F79EFBC}") = "ColecaoListTI", "ColecaoListTI\ColecaoListTI.csproj", "{FB9A0094-9CE0-4B0E-91D8-EB9A80784AAE}"
EndProject
Project("{FAE04EC0-301F-11D3-BF4B-00C04F79EFBC}") = "ColecaoListTII", "ColecaoListTII\ColecaoListTII.csproj", "{D9D275BB-FE8A-4928-9C6F-111D9A41AA58}"
EndProject
Project("{FAE04EC0-301F-11D3-BF4B-00C04F79EFBC}") = "ListArrayList", "ListArrayList\ListArrayList.csproj", "{FE0A2C8E-6C37-4A9E-B4C1-11CE5DF663A5}"
EndProject
Project("{FAE04EC0-301F-11D3-BF4B-00C04F79EFBC}") = "ArrayListIV", "ArrayListIV\ArrayListIV.csproj", "{85D99285-A245-4A75-845D-8EBED4563856}"
EndProject
Project("{FAE04EC0-301F-11D3-BF4B-00C04F79EFBC}") = "ListMtdFind", "ListMtdFind\ListMtdFind.csproj", "{96CFBF1C-2DA2-429F-AA79-D2E861D6C421}"
EndProject
Project("{FAE04EC0-301F-11D3-BF4B-00C04F79EFBC}") = "IEnumerable", "IEnumerable\IEnumerable.csproj", "{F5EBDBB6-6EBA-4497-A579-470DA0DA44B7}"
EndProject
Project("{FAE04EC0-301F-11D3-BF4B-00C04F79EFBC}") = "ExercicioList", "ExercicioList\ExercicioList.csproj", "{9FDF918D-C804-4C2F-B6B1-94BF21E243A7}"
EndProject
Project("{FAE04EC0-301F-11D3-BF4B-00C04F79EFBC}") = "Indexadores", "Indexadores\Indexadores.csproj", "{5F5A184B-1137-425B-BC4E-171D58B910DB}"
EndProject
Project("{FAE04EC0-301F-11D3-BF4B-00C04F79EFBC}") = "ClassRandom", "ClassRandom\ClassRandom.csproj", "{FFCA67B2-6398-4C66-8088-6314552B0959}"
EndProject
Global
	GlobalSection(SolutionConfigurationPlatforms) = preSolution
		Debug|Any CPU = Debug|Any CPU
		Release|Any CPU = Release|Any CPU
	EndGlobalSection
	GlobalSection(ProjectConfigurationPlatforms) = postSolution
		{1C4FF4E1-C239-42E3-A961-58DF79AD9A7F}.Debug|Any CPU.ActiveCfg = Debug|Any CPU
		{1C4FF4E1-C239-42E3-A961-58DF79AD9A7F}.Debug|Any CPU.Build.0 = Debug|Any CPU
		{1C4FF4E1-C239-42E3-A961-58DF79AD9A7F}.Release|Any CPU.ActiveCfg = Release|Any CPU
		{1C4FF4E1-C239-42E3-A961-58DF79AD9A7F}.Release|Any CPU.Build.0 = Release|Any CPU
		{FBB4884E-6AF9-4E92-B703-BA2479FA8BAD}.Debug|Any CPU.ActiveCfg = Debug|Any CPU
		{FBB4884E-6AF9-4E92-B703-BA2479FA8BAD}.Debug|Any CPU.Build.0 = Debug|Any CPU
		{FBB4884E-6AF9-4E92-B703-BA2479FA8BAD}.Release|Any CPU.ActiveCfg = Release|Any CPU
		{FBB4884E-6AF9-4E92-B703-BA2479FA8BAD}.Release|Any CPU.Build.0 = Release|Any CPU
		{4CB181D1-E07D-4C08-90E7-DFD2A5EFFDC0}.Debug|Any CPU.ActiveCfg = Debug|Any CPU
		{4CB181D1-E07D-4C08-90E7-DFD2A5EFFDC0}.Debug|Any CPU.Build.0 = Debug|Any CPU
		{4CB181D1-E07D-4C08-90E7-DFD2A5EFFDC0}.Release|Any CPU.ActiveCfg = Release|Any CPU
		{4CB181D1-E07D-4C08-90E7-DFD2A5EFFDC0}.Release|Any CPU.Build.0 = Release|Any CPU
		{9820E804-B299-4BE8-8D6C-1E5A8ED5058D}.Debug|Any CPU.ActiveCfg = Debug|Any CPU
		{9820E804-B299-4BE8-8D6C-1E5A8ED5058D}.Debug|Any CPU.Build.0 = Debug|Any CPU
		{9820E804-B299-4BE8-8D6C-1E5A8ED5058D}.Release|Any CPU.ActiveCfg = Release|Any CPU
		{9820E804-B299-4BE8-8D6C-1E5A8ED5058D}.Release|Any CPU.Build.0 = Release|Any CPU
		{E17D15B6-0F69-4BB8-8351-07E35F147FAA}.Debug|Any CPU.ActiveCfg = Debug|Any CPU
		{E17D15B6-0F69-4BB8-8351-07E35F147FAA}.Debug|Any CPU.Build.0 = Debug|Any CPU
		{E17D15B6-0F69-4BB8-8351-07E35F147FAA}.Release|Any CPU.ActiveCfg = Release|Any CPU
		{E17D15B6-0F69-4BB8-8351-07E35F147FAA}.Release|Any CPU.Build.0 = Release|Any CPU
		{EC036A73-5EF9-4251-B40C-BEEDFA9A3B6B}.Debug|Any CPU.ActiveCfg = Debug|Any CPU
		{EC036A73-5EF9-4251-B40C-BEEDFA9A3B6B}.Debug|Any CPU.Build.0 = Debug|Any CPU
		{EC036A73-5EF9-4251-B40C-BEEDFA9A3B6B}.Release|Any CPU.ActiveCfg = Release|Any CPU
		{EC036A73-5EF9-4251-B40C-BEEDFA9A3B6B}.Release|Any CPU.Build.0 = Release|Any CPU
		{AA901048-BA14-42F3-8AD8-E7CFE19A76F0}.Debug|Any CPU.ActiveCfg = Debug|Any CPU
		{AA901048-BA14-42F3-8AD8-E7CFE19A76F0}.Debug|Any CPU.Build.0 = Debug|Any CPU
		{AA901048-BA14-42F3-8AD8-E7CFE19A76F0}.Release|Any CPU.ActiveCfg = Release|Any CPU
		{AA901048-BA14-42F3-8AD8-E7CFE19A76F0}.Release|Any CPU.Build.0 = Release|Any CPU
		{24482F57-E6DB-4189-A1B3-D23C6E27ED38}.Debug|Any CPU.ActiveCfg = Debug|Any CPU
		{24482F57-E6DB-4189-A1B3-D23C6E27ED38}.Debug|Any CPU.Build.0 = Debug|Any CPU
		{24482F57-E6DB-4189-A1B3-D23C6E27ED38}.Release|Any CPU.ActiveCfg = Release|Any CPU
		{24482F57-E6DB-4189-A1B3-D23C6E27ED38}.Release|Any CPU.Build.0 = Release|Any CPU
		{5CAA35C3-E5C9-425F-9304-EAD30A5D6580}.Debug|Any CPU.ActiveCfg = Debug|Any CPU
		{5CAA35C3-E5C9-425F-9304-EAD30A5D6580}.Debug|Any CPU.Build.0 = Debug|Any CPU
		{5CAA35C3-E5C9-425F-9304-EAD30A5D6580}.Release|Any CPU.ActiveCfg = Release|Any CPU
		{5CAA35C3-E5C9-425F-9304-EAD30A5D6580}.Release|Any CPU.Build.0 = Release|Any CPU
		{EC911BBC-612B-4E55-85C2-B799EE3474C4}.Debug|Any CPU.ActiveCfg = Debug|Any CPU
		{EC911BBC-612B-4E55-85C2-B799EE3474C4}.Debug|Any CPU.Build.0 = Debug|Any CPU
		{EC911BBC-612B-4E55-85C2-B799EE3474C4}.Release|Any CPU.ActiveCfg = Release|Any CPU
		{EC911BBC-612B-4E55-85C2-B799EE3474C4}.Release|Any CPU.Build.0 = Release|Any CPU
		{444CF77D-185C-420D-B363-1963865204B5}.Debug|Any CPU.ActiveCfg = Debug|Any CPU
		{444CF77D-185C-420D-B363-1963865204B5}.Debug|Any CPU.Build.0 = Debug|Any CPU
		{444CF77D-185C-420D-B363-1963865204B5}.Release|Any CPU.ActiveCfg = Release|Any CPU
		{444CF77D-185C-420D-B363-1963865204B5}.Release|Any CPU.Build.0 = Release|Any CPU
		{A2769166-93DA-411E-BCBA-26A084D13275}.Debug|Any CPU.ActiveCfg = Debug|Any CPU
		{A2769166-93DA-411E-BCBA-26A084D13275}.Debug|Any CPU.Build.0 = Debug|Any CPU
		{A2769166-93DA-411E-BCBA-26A084D13275}.Release|Any CPU.ActiveCfg = Release|Any CPU
		{A2769166-93DA-411E-BCBA-26A084D13275}.Release|Any CPU.Build.0 = Release|Any CPU
		{FB9A0094-9CE0-4B0E-91D8-EB9A80784AAE}.Debug|Any CPU.ActiveCfg = Debug|Any CPU
		{FB9A0094-9CE0-4B0E-91D8-EB9A80784AAE}.Debug|Any CPU.Build.0 = Debug|Any CPU
		{FB9A0094-9CE0-4B0E-91D8-EB9A80784AAE}.Release|Any CPU.ActiveCfg = Release|Any CPU
		{FB9A0094-9CE0-4B0E-91D8-EB9A80784AAE}.Release|Any CPU.Build.0 = Release|Any CPU
		{D9D275BB-FE8A-4928-9C6F-111D9A41AA58}.Debug|Any CPU.ActiveCfg = Debug|Any CPU
		{D9D275BB-FE8A-4928-9C6F-111D9A41AA58}.Debug|Any CPU.Build.0 = Debug|Any CPU
		{D9D275BB-FE8A-4928-9C6F-111D9A41AA58}.Release|Any CPU.ActiveCfg = Release|Any CPU
		{D9D275BB-FE8A-4928-9C6F-111D9A41AA58}.Release|Any CPU.Build.0 = Release|Any CPU
		{FE0A2C8E-6C37-4A9E-B4C1-11CE5DF663A5}.Debug|Any CPU.ActiveCfg = Debug|Any CPU
		{FE0A2C8E-6C37-4A9E-B4C1-11CE5DF663A5}.Debug|Any CPU.Build.0 = Debug|Any CPU
		{FE0A2C8E-6C37-4A9E-B4C1-11CE5DF663A5}.Release|Any CPU.ActiveCfg = Release|Any CPU
		{FE0A2C8E-6C37-4A9E-B4C1-11CE5DF663A5}.Release|Any CPU.Build.0 = Release|Any CPU
		{85D99285-A245-4A75-845D-8EBED4563856}.Debug|Any CPU.ActiveCfg = Debug|Any CPU
		{85D99285-A245-4A75-845D-8EBED4563856}.Debug|Any CPU.Build.0 = Debug|Any CPU
		{85D99285-A245-4A75-845D-8EBED4563856}.Release|Any CPU.ActiveCfg = Release|Any CPU
		{85D99285-A245-4A75-845D-8EBED4563856}.Release|Any CPU.Build.0 = Release|Any CPU
		{96CFBF1C-2DA2-429F-AA79-D2E861D6C421}.Debug|Any CPU.ActiveCfg = Debug|Any CPU
		{96CFBF1C-2DA2-429F-AA79-D2E861D6C421}.Debug|Any CPU.Build.0 = Debug|Any CPU
		{96CFBF1C-2DA2-429F-AA79-D2E861D6C421}.Release|Any CPU.ActiveCfg = Release|Any CPU
		{96CFBF1C-2DA2-429F-AA79-D2E861D6C421}.Release|Any CPU.Build.0 = Release|Any CPU
		{F5EBDBB6-6EBA-4497-A579-470DA0DA44B7}.Debug|Any CPU.ActiveCfg = Debug|Any CPU
		{F5EBDBB6-6EBA-4497-A579-470DA0DA44B7}.Debug|Any CPU.Build.0 = Debug|Any CPU
		{F5EBDBB6-6EBA-4497-A579-470DA0DA44B7}.Release|Any CPU.ActiveCfg = Release|Any CPU
		{F5EBDBB6-6EBA-4497-A579-470DA0DA44B7}.Release|Any CPU.Build.0 = Release|Any CPU
		{9FDF918D-C804-4C2F-B6B1-94BF21E243A7}.Debug|Any CPU.ActiveCfg = Debug|Any CPU
		{9FDF918D-C804-4C2F-B6B1-94BF21E243A7}.Debug|Any CPU.Build.0 = Debug|Any CPU
		{9FDF918D-C804-4C2F-B6B1-94BF21E243A7}.Release|Any CPU.ActiveCfg = Release|Any CPU
		{9FDF918D-C804-4C2F-B6B1-94BF21E243A7}.Release|Any CPU.Build.0 = Release|Any CPU
		{5F5A184B-1137-425B-BC4E-171D58B910DB}.Debug|Any CPU.ActiveCfg = Debug|Any CPU
		{5F5A184B-1137-425B-BC4E-171D58B910DB}.Debug|Any CPU.Build.0 = Debug|Any CPU
		{5F5A184B-1137-425B-BC4E-171D58B910DB}.Release|Any CPU.ActiveCfg = Release|Any CPU
		{5F5A184B-1137-425B-BC4E-171D58B910DB}.Release|Any CPU.Build.0 = Release|Any CPU
		{FFCA67B2-6398-4C66-8088-6314552B0959}.Debug|Any CPU.ActiveCfg = Debug|Any CPU
		{FFCA67B2-6398-4C66-8088-6314552B0959}.Debug|Any CPU.Build.0 = Debug|Any CPU
		{FFCA67B2-6398-4C66-8088-6314552B0959}.Release|Any CPU.ActiveCfg = Release|Any CPU
		{FFCA67B2-6398-4C66-8088-6314552B0959}.Release|Any CPU.Build.0 = Release|Any CPU
	EndGlobalSection
	GlobalSection(SolutionProperties) = preSolution
		HideSolutionNode = FALSE
	EndGlobalSection
	GlobalSection(ExtensibilityGlobals) = postSolution
		SolutionGuid = {E8363CAA-6F97-451B-9C6D-1682953FE4F5}
	EndGlobalSection
EndGlobal
