
Microsoft Visual Studio Solution File, Format Version 12.00
# Visual Studio Version 17
VisualStudioVersion = 17.10.35013.160
MinimumVisualStudioVersion = 10.0.40219.1
Project("{9A19103F-16F7-4668-BE54-9A1E7A4F7556}") = "GenericsII", "Generics\GenericsII.csproj", "{99216FF8-A7F9-4F26-B9B6-221BC30ACE4E}"
EndProject
Project("{9A19103F-16F7-4668-BE54-9A1E7A4F7556}") = "GenericsIII", "GenericsIII\GenericsIII.csproj", "{4D6F5D56-6C48-4850-BAA5-D5FA5EF61A20}"
EndProject
Project("{9A19103F-16F7-4668-BE54-9A1E7A4F7556}") = "AnaliseI", "AnaliseI\AnaliseI.csproj", "{2A39CCAC-A283-4FF1-959E-6F9EAE1648F6}"
EndProject
Project("{9A19103F-16F7-4668-BE54-9A1E7A4F7556}") = "AnaliseII", "AnaliseII\AnaliseII.csproj", "{B13FABDF-D43F-4E21-A9F4-06BB3CDFFCD4}"
EndProject
Project("{9A19103F-16F7-4668-BE54-9A1E7A4F7556}") = "AnaliseIII", "AnaliseIII\AnaliseIII.csproj", "{7546FC32-2B41-47BA-93A1-C0B598CFCBCD}"
EndProject
Project("{9A19103F-16F7-4668-BE54-9A1E7A4F7556}") = "GetHashCodeEquals_Exemplo", "GetHashCodeEquals\GetHashCodeEquals_Exemplo.csproj", "{4AE5D803-E632-48FA-AD88-7059E632DA71}"
EndProject
Project("{9A19103F-16F7-4668-BE54-9A1E7A4F7556}") = "Dictionary", "Dictionary\Dictionary.csproj", "{67EFEF11-9EBE-48A3-ADAD-EA5A430653F4}"
EndProject
Project("{9A19103F-16F7-4668-BE54-9A1E7A4F7556}") = "SortedDictionaryI", "SortedDictionaryI\SortedDictionaryI.csproj", "{76A67C0B-A72B-448F-9B89-6DFE6750420B}"
EndProject
Project("{9A19103F-16F7-4668-BE54-9A1E7A4F7556}") = "ColecaoSet", "HashSet\ColecaoSet.csproj", "{3E810533-C4D7-44A0-A19B-0696FB4D68EA}"
EndProject
Project("{9A19103F-16F7-4668-BE54-9A1E7A4F7556}") = "HashSetT", "HashSetT\HashSetT.csproj", "{0FF739C1-C9DB-4A30-A6A2-44EFE42325D8}"
EndProject
Project("{9A19103F-16F7-4668-BE54-9A1E7A4F7556}") = "SortedSetT", "SortedSetT\SortedSetT.csproj", "{FF657D21-4DF3-4849-BE61-02615E51745A}"
EndProject
Project("{FAE04EC0-301F-11D3-BF4B-00C04F79EFBC}") = "Stack", "Stack\Stack.csproj", "{D16E4DFE-5C16-4200-B933-4BF1DDC6AC28}"
EndProject
Project("{FAE04EC0-301F-11D3-BF4B-00C04F79EFBC}") = "StackUndo", "StackUndo\StackUndo.csproj", "{A5FD0F98-E7B3-448D-A608-13FCCF82BD49}"
EndProject
Project("{FAE04EC0-301F-11D3-BF4B-00C04F79EFBC}") = "Queue", "Queue\Queue.csproj", "{F0FB8DF3-AE14-4F43-B30E-04E21434975D}"
EndProject
Project("{FAE04EC0-301F-11D3-BF4B-00C04F79EFBC}") = "ReadOnly", "ReadOnly\ReadOnly.csproj", "{7112E415-E365-4A5D-9F17-6DF50AB4E72D}"
EndProject
Project("{FAE04EC0-301F-11D3-BF4B-00C04F79EFBC}") = "ReadOnlyII", "ReadOnlyII\ReadOnlyII.csproj", "{5E42322D-06B0-4A2D-A212-26C912DDF40D}"
EndProject
Global
	GlobalSection(SolutionConfigurationPlatforms) = preSolution
		Debug|Any CPU = Debug|Any CPU
		Release|Any CPU = Release|Any CPU
	EndGlobalSection
	GlobalSection(ProjectConfigurationPlatforms) = postSolution
		{99216FF8-A7F9-4F26-B9B6-221BC30ACE4E}.Debug|Any CPU.ActiveCfg = Debug|Any CPU
		{99216FF8-A7F9-4F26-B9B6-221BC30ACE4E}.Debug|Any CPU.Build.0 = Debug|Any CPU
		{99216FF8-A7F9-4F26-B9B6-221BC30ACE4E}.Release|Any CPU.ActiveCfg = Release|Any CPU
		{99216FF8-A7F9-4F26-B9B6-221BC30ACE4E}.Release|Any CPU.Build.0 = Release|Any CPU
		{4D6F5D56-6C48-4850-BAA5-D5FA5EF61A20}.Debug|Any CPU.ActiveCfg = Debug|Any CPU
		{4D6F5D56-6C48-4850-BAA5-D5FA5EF61A20}.Debug|Any CPU.Build.0 = Debug|Any CPU
		{4D6F5D56-6C48-4850-BAA5-D5FA5EF61A20}.Release|Any CPU.ActiveCfg = Release|Any CPU
		{4D6F5D56-6C48-4850-BAA5-D5FA5EF61A20}.Release|Any CPU.Build.0 = Release|Any CPU
		{2A39CCAC-A283-4FF1-959E-6F9EAE1648F6}.Debug|Any CPU.ActiveCfg = Debug|Any CPU
		{2A39CCAC-A283-4FF1-959E-6F9EAE1648F6}.Debug|Any CPU.Build.0 = Debug|Any CPU
		{2A39CCAC-A283-4FF1-959E-6F9EAE1648F6}.Release|Any CPU.ActiveCfg = Release|Any CPU
		{2A39CCAC-A283-4FF1-959E-6F9EAE1648F6}.Release|Any CPU.Build.0 = Release|Any CPU
		{B13FABDF-D43F-4E21-A9F4-06BB3CDFFCD4}.Debug|Any CPU.ActiveCfg = Debug|Any CPU
		{B13FABDF-D43F-4E21-A9F4-06BB3CDFFCD4}.Debug|Any CPU.Build.0 = Debug|Any CPU
		{B13FABDF-D43F-4E21-A9F4-06BB3CDFFCD4}.Release|Any CPU.ActiveCfg = Release|Any CPU
		{B13FABDF-D43F-4E21-A9F4-06BB3CDFFCD4}.Release|Any CPU.Build.0 = Release|Any CPU
		{7546FC32-2B41-47BA-93A1-C0B598CFCBCD}.Debug|Any CPU.ActiveCfg = Debug|Any CPU
		{7546FC32-2B41-47BA-93A1-C0B598CFCBCD}.Debug|Any CPU.Build.0 = Debug|Any CPU
		{7546FC32-2B41-47BA-93A1-C0B598CFCBCD}.Release|Any CPU.ActiveCfg = Release|Any CPU
		{7546FC32-2B41-47BA-93A1-C0B598CFCBCD}.Release|Any CPU.Build.0 = Release|Any CPU
		{4AE5D803-E632-48FA-AD88-7059E632DA71}.Debug|Any CPU.ActiveCfg = Debug|Any CPU
		{4AE5D803-E632-48FA-AD88-7059E632DA71}.Debug|Any CPU.Build.0 = Debug|Any CPU
		{4AE5D803-E632-48FA-AD88-7059E632DA71}.Release|Any CPU.ActiveCfg = Release|Any CPU
		{4AE5D803-E632-48FA-AD88-7059E632DA71}.Release|Any CPU.Build.0 = Release|Any CPU
		{67EFEF11-9EBE-48A3-ADAD-EA5A430653F4}.Debug|Any CPU.ActiveCfg = Debug|Any CPU
		{67EFEF11-9EBE-48A3-ADAD-EA5A430653F4}.Debug|Any CPU.Build.0 = Debug|Any CPU
		{67EFEF11-9EBE-48A3-ADAD-EA5A430653F4}.Release|Any CPU.ActiveCfg = Release|Any CPU
		{67EFEF11-9EBE-48A3-ADAD-EA5A430653F4}.Release|Any CPU.Build.0 = Release|Any CPU
		{76A67C0B-A72B-448F-9B89-6DFE6750420B}.Debug|Any CPU.ActiveCfg = Debug|Any CPU
		{76A67C0B-A72B-448F-9B89-6DFE6750420B}.Debug|Any CPU.Build.0 = Debug|Any CPU
		{76A67C0B-A72B-448F-9B89-6DFE6750420B}.Release|Any CPU.ActiveCfg = Release|Any CPU
		{76A67C0B-A72B-448F-9B89-6DFE6750420B}.Release|Any CPU.Build.0 = Release|Any CPU
		{3E810533-C4D7-44A0-A19B-0696FB4D68EA}.Debug|Any CPU.ActiveCfg = Debug|Any CPU
		{3E810533-C4D7-44A0-A19B-0696FB4D68EA}.Debug|Any CPU.Build.0 = Debug|Any CPU
		{3E810533-C4D7-44A0-A19B-0696FB4D68EA}.Release|Any CPU.ActiveCfg = Release|Any CPU
		{3E810533-C4D7-44A0-A19B-0696FB4D68EA}.Release|Any CPU.Build.0 = Release|Any CPU
		{0FF739C1-C9DB-4A30-A6A2-44EFE42325D8}.Debug|Any CPU.ActiveCfg = Debug|Any CPU
		{0FF739C1-C9DB-4A30-A6A2-44EFE42325D8}.Debug|Any CPU.Build.0 = Debug|Any CPU
		{0FF739C1-C9DB-4A30-A6A2-44EFE42325D8}.Release|Any CPU.ActiveCfg = Release|Any CPU
		{0FF739C1-C9DB-4A30-A6A2-44EFE42325D8}.Release|Any CPU.Build.0 = Release|Any CPU
		{FF657D21-4DF3-4849-BE61-02615E51745A}.Debug|Any CPU.ActiveCfg = Debug|Any CPU
		{FF657D21-4DF3-4849-BE61-02615E51745A}.Debug|Any CPU.Build.0 = Debug|Any CPU
		{FF657D21-4DF3-4849-BE61-02615E51745A}.Release|Any CPU.ActiveCfg = Release|Any CPU
		{FF657D21-4DF3-4849-BE61-02615E51745A}.Release|Any CPU.Build.0 = Release|Any CPU
		{D16E4DFE-5C16-4200-B933-4BF1DDC6AC28}.Debug|Any CPU.ActiveCfg = Debug|Any CPU
		{D16E4DFE-5C16-4200-B933-4BF1DDC6AC28}.Debug|Any CPU.Build.0 = Debug|Any CPU
		{D16E4DFE-5C16-4200-B933-4BF1DDC6AC28}.Release|Any CPU.ActiveCfg = Release|Any CPU
		{D16E4DFE-5C16-4200-B933-4BF1DDC6AC28}.Release|Any CPU.Build.0 = Release|Any CPU
		{A5FD0F98-E7B3-448D-A608-13FCCF82BD49}.Debug|Any CPU.ActiveCfg = Debug|Any CPU
		{A5FD0F98-E7B3-448D-A608-13FCCF82BD49}.Debug|Any CPU.Build.0 = Debug|Any CPU
		{A5FD0F98-E7B3-448D-A608-13FCCF82BD49}.Release|Any CPU.ActiveCfg = Release|Any CPU
		{A5FD0F98-E7B3-448D-A608-13FCCF82BD49}.Release|Any CPU.Build.0 = Release|Any CPU
		{F0FB8DF3-AE14-4F43-B30E-04E21434975D}.Debug|Any CPU.ActiveCfg = Debug|Any CPU
		{F0FB8DF3-AE14-4F43-B30E-04E21434975D}.Debug|Any CPU.Build.0 = Debug|Any CPU
		{F0FB8DF3-AE14-4F43-B30E-04E21434975D}.Release|Any CPU.ActiveCfg = Release|Any CPU
		{F0FB8DF3-AE14-4F43-B30E-04E21434975D}.Release|Any CPU.Build.0 = Release|Any CPU
		{7112E415-E365-4A5D-9F17-6DF50AB4E72D}.Debug|Any CPU.ActiveCfg = Debug|Any CPU
		{7112E415-E365-4A5D-9F17-6DF50AB4E72D}.Debug|Any CPU.Build.0 = Debug|Any CPU
		{7112E415-E365-4A5D-9F17-6DF50AB4E72D}.Release|Any CPU.ActiveCfg = Release|Any CPU
		{7112E415-E365-4A5D-9F17-6DF50AB4E72D}.Release|Any CPU.Build.0 = Release|Any CPU
		{5E42322D-06B0-4A2D-A212-26C912DDF40D}.Debug|Any CPU.ActiveCfg = Debug|Any CPU
		{5E42322D-06B0-4A2D-A212-26C912DDF40D}.Debug|Any CPU.Build.0 = Debug|Any CPU
		{5E42322D-06B0-4A2D-A212-26C912DDF40D}.Release|Any CPU.ActiveCfg = Release|Any CPU
		{5E42322D-06B0-4A2D-A212-26C912DDF40D}.Release|Any CPU.Build.0 = Release|Any CPU
	EndGlobalSection
	GlobalSection(SolutionProperties) = preSolution
		HideSolutionNode = FALSE
	EndGlobalSection
	GlobalSection(ExtensibilityGlobals) = postSolution
		SolutionGuid = {9B6FE665-290C-461A-9535-36E584599987}
	EndGlobalSection
EndGlobal
