
Microsoft Visual Studio Solution File, Format Version 12.00
# Visual Studio Version 17
VisualStudioVersion = 17.10.34916.146
MinimumVisualStudioVersion = 10.0.40219.1
Project("{9A19103F-16F7-4668-BE54-9A1E7A4F7556}") = "ClassesObjetos", "ClassesObjetos\ClassesObjetos.csproj", "{ACD45EE3-CA5E-49BD-ACB2-EC400A3909F5}"
EndProject
Project("{9A19103F-16F7-4668-BE54-9A1E7A4F7556}") = "Alocacao", "Alocacao\Alocacao.csproj", "{E4DBC23D-956C-4C7B-8471-6C842A93CE18}"
EndProject
Project("{9A19103F-16F7-4668-BE54-9A1E7A4F7556}") = "Objeto", "Objeto\Objeto.csproj", "{07CB4D25-4A07-49E0-B803-8016B6C1230F}"
EndProject
Project("{9A19103F-16F7-4668-BE54-9A1E7A4F7556}") = "Metodos", "Metodos\Metodos.csproj", "{7912DC42-CE17-4113-95E0-597D411E3307}"
EndProject
Project("{9A19103F-16F7-4668-BE54-9A1E7A4F7556}") = "MetodosParametros", "MetodosParametros\MetodosParametros.csproj", "{61EE1A04-126E-4AB9-9BF7-25A39297275C}"
EndProject
Project("{9A19103F-16F7-4668-BE54-9A1E7A4F7556}") = "PassandoParametros", "PassandoParametros\PassandoParametros.csproj", "{13ECA0E1-95F7-4993-95BB-FD8DE901C794}"
EndProject
Project("{9A19103F-16F7-4668-BE54-9A1E7A4F7556}") = "Construtor01", "Construtor01\Construtor01.csproj", "{9A3C396D-84B0-43DC-8031-D0D669F95036}"
EndProject
Project("{9A19103F-16F7-4668-BE54-9A1E7A4F7556}") = "Construtor02", "Construtor02\Construtor02.csproj", "{385847FE-68B0-40B1-B5C3-F1B9E6EFE5A2}"
EndProject
Project("{9A19103F-16F7-4668-BE54-9A1E7A4F7556}") = "PalavraThis", "PalavraThis\PalavraThis.csproj", "{A5F45413-B83F-47EB-BAD8-9B0044C38B86}"
EndProject
Project("{9A19103F-16F7-4668-BE54-9A1E7A4F7556}") = "MetodosRetorno", "MetodosRetorno\MetodosRetorno.csproj", "{29D89BB5-813A-4C66-B272-ECEDE5212599}"
EndProject
Project("{9A19103F-16F7-4668-BE54-9A1E7A4F7556}") = "SobrecargaMetodos", "SobrecargaMetodos\SobrecargaMetodos.csproj", "{F30EFB9D-FBD6-4FD7-9815-230E16C7DCB2}"
EndProject
Project("{9A19103F-16F7-4668-BE54-9A1E7A4F7556}") = "ExemploMetodos", "ExemploMetodos\ExemploMetodos.csproj", "{063F6C8E-3620-46B2-9400-77DD4DDE040D}"
EndProject
Project("{FAE04EC0-301F-11D3-BF4B-00C04F79EFBC}") = "ArgumentoPorValor", "ArgumentoPorValor\ArgumentoPorValor.csproj", "{A8328FFF-3502-427D-AC04-728030E35B0A}"
EndProject
Project("{FAE04EC0-301F-11D3-BF4B-00C04F79EFBC}") = "ArgumentosPorReferencia", "ArgumentosPorReferencia\ArgumentosPorReferencia.csproj", "{F24F21EB-4AB5-4D18-983A-BC28FD35AC9B}"
EndProject
Project("{FAE04EC0-301F-11D3-BF4B-00C04F79EFBC}") = "ArgumentosPorOut", "ArgumentosPorOut\ArgumentosPorOut.csproj", "{B58F9C20-47E8-4CD5-BC55-086682824B4C}"
EndProject
Project("{FAE04EC0-301F-11D3-BF4B-00C04F79EFBC}") = "ArgumentosNomeados", "ArgumentosNomeados\ArgumentosNomeados.csproj", "{C7E625B0-BEF2-4702-8451-220E38CD26B2}"
EndProject
Project("{FAE04EC0-301F-11D3-BF4B-00C04F79EFBC}") = "ParametrosOpcionais", "ParametrosOpcionais\ParametrosOpcionais.csproj", "{306A142C-8329-45AE-A57E-FC7D8ECB5F80}"
EndProject
Project("{FAE04EC0-301F-11D3-BF4B-00C04F79EFBC}") = "MetodosEstaticos", "MetodosEstaticos\MetodosEstaticos.csproj", "{88229981-8ABF-4121-B8A8-C32E0888EAE4}"
EndProject
Project("{FAE04EC0-301F-11D3-BF4B-00C04F79EFBC}") = "CamposEstaticos", "CamposEstaticos\CamposEstaticos.csproj", "{9D28DF10-0CF8-4B3E-BE36-29A687FF091B}"
EndProject
Project("{FAE04EC0-301F-11D3-BF4B-00C04F79EFBC}") = "ConstrutorEstatico", "ConstrutorEstatico\ConstrutorEstatico.csproj", "{553264B1-3E2E-4471-AD18-4EDED96C4896}"
EndProject
Project("{FAE04EC0-301F-11D3-BF4B-00C04F79EFBC}") = "ExerciciosCampEst", "ExerciciosCampEst\ExerciciosCampEst.csproj", "{1D5139BB-2BAB-449A-A36D-8D0773731906}"
EndProject
Project("{FAE04EC0-301F-11D3-BF4B-00C04F79EFBC}") = "ExercicioPropriedades", "ExercicoPropriedades\ExercicioPropriedades.csproj", "{AD6E53ED-14C4-4575-B2FF-B3625F12D6EB}"
EndProject
Project("{FAE04EC0-301F-11D3-BF4B-00C04F79EFBC}") = "Structs", "Structs\Structs.csproj", "{1F782C00-4152-4ADF-9D42-7F58FEAC3EE6}"
EndProject
Project("{FAE04EC0-301F-11D3-BF4B-00C04F79EFBC}") = "Enum", "Enum\Enum.csproj", "{5D21AE96-955C-4D39-8601-33677DDEC169}"
EndProject
Project("{FAE04EC0-301F-11D3-BF4B-00C04F79EFBC}") = "ModificadoresAcesso", "ModificadoresAcesso\ModificadoresAcesso.csproj", "{D21DBA9F-067A-4480-95DE-C6A188E1464B}"
EndProject
Project("{FAE04EC0-301F-11D3-BF4B-00C04F79EFBC}") = "TryCatch", "TryCatch\TryCatch.csproj", "{191836DE-1354-410C-8A0B-3239693304F7}"
EndProject
Project("{FAE04EC0-301F-11D3-BF4B-00C04F79EFBC}") = "TiposAnonimos", "TiposAnonimos\TiposAnonimos.csproj", "{60771B59-75A1-4AAE-9E16-8FECDB853228}"
EndProject
Project("{FAE04EC0-301F-11D3-BF4B-00C04F79EFBC}") = "PartialClass", "PartialClass\PartialClass.csproj", "{47ABAA4F-11F0-45FF-96F2-0281257616DB}"
EndProject
Global
	GlobalSection(SolutionConfigurationPlatforms) = preSolution
		Debug|Any CPU = Debug|Any CPU
		Release|Any CPU = Release|Any CPU
	EndGlobalSection
	GlobalSection(ProjectConfigurationPlatforms) = postSolution
		{ACD45EE3-CA5E-49BD-ACB2-EC400A3909F5}.Debug|Any CPU.ActiveCfg = Debug|Any CPU
		{ACD45EE3-CA5E-49BD-ACB2-EC400A3909F5}.Debug|Any CPU.Build.0 = Debug|Any CPU
		{ACD45EE3-CA5E-49BD-ACB2-EC400A3909F5}.Release|Any CPU.ActiveCfg = Release|Any CPU
		{ACD45EE3-CA5E-49BD-ACB2-EC400A3909F5}.Release|Any CPU.Build.0 = Release|Any CPU
		{E4DBC23D-956C-4C7B-8471-6C842A93CE18}.Debug|Any CPU.ActiveCfg = Debug|Any CPU
		{E4DBC23D-956C-4C7B-8471-6C842A93CE18}.Debug|Any CPU.Build.0 = Debug|Any CPU
		{E4DBC23D-956C-4C7B-8471-6C842A93CE18}.Release|Any CPU.ActiveCfg = Release|Any CPU
		{E4DBC23D-956C-4C7B-8471-6C842A93CE18}.Release|Any CPU.Build.0 = Release|Any CPU
		{07CB4D25-4A07-49E0-B803-8016B6C1230F}.Debug|Any CPU.ActiveCfg = Debug|Any CPU
		{07CB4D25-4A07-49E0-B803-8016B6C1230F}.Debug|Any CPU.Build.0 = Debug|Any CPU
		{07CB4D25-4A07-49E0-B803-8016B6C1230F}.Release|Any CPU.ActiveCfg = Release|Any CPU
		{07CB4D25-4A07-49E0-B803-8016B6C1230F}.Release|Any CPU.Build.0 = Release|Any CPU
		{7912DC42-CE17-4113-95E0-597D411E3307}.Debug|Any CPU.ActiveCfg = Debug|Any CPU
		{7912DC42-CE17-4113-95E0-597D411E3307}.Debug|Any CPU.Build.0 = Debug|Any CPU
		{7912DC42-CE17-4113-95E0-597D411E3307}.Release|Any CPU.ActiveCfg = Release|Any CPU
		{7912DC42-CE17-4113-95E0-597D411E3307}.Release|Any CPU.Build.0 = Release|Any CPU
		{61EE1A04-126E-4AB9-9BF7-25A39297275C}.Debug|Any CPU.ActiveCfg = Debug|Any CPU
		{61EE1A04-126E-4AB9-9BF7-25A39297275C}.Debug|Any CPU.Build.0 = Debug|Any CPU
		{61EE1A04-126E-4AB9-9BF7-25A39297275C}.Release|Any CPU.ActiveCfg = Release|Any CPU
		{61EE1A04-126E-4AB9-9BF7-25A39297275C}.Release|Any CPU.Build.0 = Release|Any CPU
		{13ECA0E1-95F7-4993-95BB-FD8DE901C794}.Debug|Any CPU.ActiveCfg = Debug|Any CPU
		{13ECA0E1-95F7-4993-95BB-FD8DE901C794}.Debug|Any CPU.Build.0 = Debug|Any CPU
		{13ECA0E1-95F7-4993-95BB-FD8DE901C794}.Release|Any CPU.ActiveCfg = Release|Any CPU
		{13ECA0E1-95F7-4993-95BB-FD8DE901C794}.Release|Any CPU.Build.0 = Release|Any CPU
		{9A3C396D-84B0-43DC-8031-D0D669F95036}.Debug|Any CPU.ActiveCfg = Debug|Any CPU
		{9A3C396D-84B0-43DC-8031-D0D669F95036}.Debug|Any CPU.Build.0 = Debug|Any CPU
		{9A3C396D-84B0-43DC-8031-D0D669F95036}.Release|Any CPU.ActiveCfg = Release|Any CPU
		{9A3C396D-84B0-43DC-8031-D0D669F95036}.Release|Any CPU.Build.0 = Release|Any CPU
		{385847FE-68B0-40B1-B5C3-F1B9E6EFE5A2}.Debug|Any CPU.ActiveCfg = Debug|Any CPU
		{385847FE-68B0-40B1-B5C3-F1B9E6EFE5A2}.Debug|Any CPU.Build.0 = Debug|Any CPU
		{385847FE-68B0-40B1-B5C3-F1B9E6EFE5A2}.Release|Any CPU.ActiveCfg = Release|Any CPU
		{385847FE-68B0-40B1-B5C3-F1B9E6EFE5A2}.Release|Any CPU.Build.0 = Release|Any CPU
		{A5F45413-B83F-47EB-BAD8-9B0044C38B86}.Debug|Any CPU.ActiveCfg = Debug|Any CPU
		{A5F45413-B83F-47EB-BAD8-9B0044C38B86}.Debug|Any CPU.Build.0 = Debug|Any CPU
		{A5F45413-B83F-47EB-BAD8-9B0044C38B86}.Release|Any CPU.ActiveCfg = Release|Any CPU
		{A5F45413-B83F-47EB-BAD8-9B0044C38B86}.Release|Any CPU.Build.0 = Release|Any CPU
		{29D89BB5-813A-4C66-B272-ECEDE5212599}.Debug|Any CPU.ActiveCfg = Debug|Any CPU
		{29D89BB5-813A-4C66-B272-ECEDE5212599}.Debug|Any CPU.Build.0 = Debug|Any CPU
		{29D89BB5-813A-4C66-B272-ECEDE5212599}.Release|Any CPU.ActiveCfg = Release|Any CPU
		{29D89BB5-813A-4C66-B272-ECEDE5212599}.Release|Any CPU.Build.0 = Release|Any CPU
		{F30EFB9D-FBD6-4FD7-9815-230E16C7DCB2}.Debug|Any CPU.ActiveCfg = Debug|Any CPU
		{F30EFB9D-FBD6-4FD7-9815-230E16C7DCB2}.Debug|Any CPU.Build.0 = Debug|Any CPU
		{F30EFB9D-FBD6-4FD7-9815-230E16C7DCB2}.Release|Any CPU.ActiveCfg = Release|Any CPU
		{F30EFB9D-FBD6-4FD7-9815-230E16C7DCB2}.Release|Any CPU.Build.0 = Release|Any CPU
		{063F6C8E-3620-46B2-9400-77DD4DDE040D}.Debug|Any CPU.ActiveCfg = Debug|Any CPU
		{063F6C8E-3620-46B2-9400-77DD4DDE040D}.Debug|Any CPU.Build.0 = Debug|Any CPU
		{063F6C8E-3620-46B2-9400-77DD4DDE040D}.Release|Any CPU.ActiveCfg = Release|Any CPU
		{063F6C8E-3620-46B2-9400-77DD4DDE040D}.Release|Any CPU.Build.0 = Release|Any CPU
		{A8328FFF-3502-427D-AC04-728030E35B0A}.Debug|Any CPU.ActiveCfg = Debug|Any CPU
		{A8328FFF-3502-427D-AC04-728030E35B0A}.Debug|Any CPU.Build.0 = Debug|Any CPU
		{A8328FFF-3502-427D-AC04-728030E35B0A}.Release|Any CPU.ActiveCfg = Release|Any CPU
		{A8328FFF-3502-427D-AC04-728030E35B0A}.Release|Any CPU.Build.0 = Release|Any CPU
		{F24F21EB-4AB5-4D18-983A-BC28FD35AC9B}.Debug|Any CPU.ActiveCfg = Debug|Any CPU
		{F24F21EB-4AB5-4D18-983A-BC28FD35AC9B}.Debug|Any CPU.Build.0 = Debug|Any CPU
		{F24F21EB-4AB5-4D18-983A-BC28FD35AC9B}.Release|Any CPU.ActiveCfg = Release|Any CPU
		{F24F21EB-4AB5-4D18-983A-BC28FD35AC9B}.Release|Any CPU.Build.0 = Release|Any CPU
		{B58F9C20-47E8-4CD5-BC55-086682824B4C}.Debug|Any CPU.ActiveCfg = Debug|Any CPU
		{B58F9C20-47E8-4CD5-BC55-086682824B4C}.Debug|Any CPU.Build.0 = Debug|Any CPU
		{B58F9C20-47E8-4CD5-BC55-086682824B4C}.Release|Any CPU.ActiveCfg = Release|Any CPU
		{B58F9C20-47E8-4CD5-BC55-086682824B4C}.Release|Any CPU.Build.0 = Release|Any CPU
		{C7E625B0-BEF2-4702-8451-220E38CD26B2}.Debug|Any CPU.ActiveCfg = Debug|Any CPU
		{C7E625B0-BEF2-4702-8451-220E38CD26B2}.Debug|Any CPU.Build.0 = Debug|Any CPU
		{C7E625B0-BEF2-4702-8451-220E38CD26B2}.Release|Any CPU.ActiveCfg = Release|Any CPU
		{C7E625B0-BEF2-4702-8451-220E38CD26B2}.Release|Any CPU.Build.0 = Release|Any CPU
		{306A142C-8329-45AE-A57E-FC7D8ECB5F80}.Debug|Any CPU.ActiveCfg = Debug|Any CPU
		{306A142C-8329-45AE-A57E-FC7D8ECB5F80}.Debug|Any CPU.Build.0 = Debug|Any CPU
		{306A142C-8329-45AE-A57E-FC7D8ECB5F80}.Release|Any CPU.ActiveCfg = Release|Any CPU
		{306A142C-8329-45AE-A57E-FC7D8ECB5F80}.Release|Any CPU.Build.0 = Release|Any CPU
		{88229981-8ABF-4121-B8A8-C32E0888EAE4}.Debug|Any CPU.ActiveCfg = Debug|Any CPU
		{88229981-8ABF-4121-B8A8-C32E0888EAE4}.Debug|Any CPU.Build.0 = Debug|Any CPU
		{88229981-8ABF-4121-B8A8-C32E0888EAE4}.Release|Any CPU.ActiveCfg = Release|Any CPU
		{88229981-8ABF-4121-B8A8-C32E0888EAE4}.Release|Any CPU.Build.0 = Release|Any CPU
		{9D28DF10-0CF8-4B3E-BE36-29A687FF091B}.Debug|Any CPU.ActiveCfg = Debug|Any CPU
		{9D28DF10-0CF8-4B3E-BE36-29A687FF091B}.Debug|Any CPU.Build.0 = Debug|Any CPU
		{9D28DF10-0CF8-4B3E-BE36-29A687FF091B}.Release|Any CPU.ActiveCfg = Release|Any CPU
		{9D28DF10-0CF8-4B3E-BE36-29A687FF091B}.Release|Any CPU.Build.0 = Release|Any CPU
		{553264B1-3E2E-4471-AD18-4EDED96C4896}.Debug|Any CPU.ActiveCfg = Debug|Any CPU
		{553264B1-3E2E-4471-AD18-4EDED96C4896}.Debug|Any CPU.Build.0 = Debug|Any CPU
		{553264B1-3E2E-4471-AD18-4EDED96C4896}.Release|Any CPU.ActiveCfg = Release|Any CPU
		{553264B1-3E2E-4471-AD18-4EDED96C4896}.Release|Any CPU.Build.0 = Release|Any CPU
		{1D5139BB-2BAB-449A-A36D-8D0773731906}.Debug|Any CPU.ActiveCfg = Debug|Any CPU
		{1D5139BB-2BAB-449A-A36D-8D0773731906}.Debug|Any CPU.Build.0 = Debug|Any CPU
		{1D5139BB-2BAB-449A-A36D-8D0773731906}.Release|Any CPU.ActiveCfg = Release|Any CPU
		{1D5139BB-2BAB-449A-A36D-8D0773731906}.Release|Any CPU.Build.0 = Release|Any CPU
		{AD6E53ED-14C4-4575-B2FF-B3625F12D6EB}.Debug|Any CPU.ActiveCfg = Debug|Any CPU
		{AD6E53ED-14C4-4575-B2FF-B3625F12D6EB}.Debug|Any CPU.Build.0 = Debug|Any CPU
		{AD6E53ED-14C4-4575-B2FF-B3625F12D6EB}.Release|Any CPU.ActiveCfg = Release|Any CPU
		{AD6E53ED-14C4-4575-B2FF-B3625F12D6EB}.Release|Any CPU.Build.0 = Release|Any CPU
		{1F782C00-4152-4ADF-9D42-7F58FEAC3EE6}.Debug|Any CPU.ActiveCfg = Debug|Any CPU
		{1F782C00-4152-4ADF-9D42-7F58FEAC3EE6}.Debug|Any CPU.Build.0 = Debug|Any CPU
		{1F782C00-4152-4ADF-9D42-7F58FEAC3EE6}.Release|Any CPU.ActiveCfg = Release|Any CPU
		{1F782C00-4152-4ADF-9D42-7F58FEAC3EE6}.Release|Any CPU.Build.0 = Release|Any CPU
		{5D21AE96-955C-4D39-8601-33677DDEC169}.Debug|Any CPU.ActiveCfg = Debug|Any CPU
		{5D21AE96-955C-4D39-8601-33677DDEC169}.Debug|Any CPU.Build.0 = Debug|Any CPU
		{5D21AE96-955C-4D39-8601-33677DDEC169}.Release|Any CPU.ActiveCfg = Release|Any CPU
		{5D21AE96-955C-4D39-8601-33677DDEC169}.Release|Any CPU.Build.0 = Release|Any CPU
		{D21DBA9F-067A-4480-95DE-C6A188E1464B}.Debug|Any CPU.ActiveCfg = Debug|Any CPU
		{D21DBA9F-067A-4480-95DE-C6A188E1464B}.Debug|Any CPU.Build.0 = Debug|Any CPU
		{D21DBA9F-067A-4480-95DE-C6A188E1464B}.Release|Any CPU.ActiveCfg = Release|Any CPU
		{D21DBA9F-067A-4480-95DE-C6A188E1464B}.Release|Any CPU.Build.0 = Release|Any CPU
		{191836DE-1354-410C-8A0B-3239693304F7}.Debug|Any CPU.ActiveCfg = Debug|Any CPU
		{191836DE-1354-410C-8A0B-3239693304F7}.Debug|Any CPU.Build.0 = Debug|Any CPU
		{191836DE-1354-410C-8A0B-3239693304F7}.Release|Any CPU.ActiveCfg = Release|Any CPU
		{191836DE-1354-410C-8A0B-3239693304F7}.Release|Any CPU.Build.0 = Release|Any CPU
		{60771B59-75A1-4AAE-9E16-8FECDB853228}.Debug|Any CPU.ActiveCfg = Debug|Any CPU
		{60771B59-75A1-4AAE-9E16-8FECDB853228}.Debug|Any CPU.Build.0 = Debug|Any CPU
		{60771B59-75A1-4AAE-9E16-8FECDB853228}.Release|Any CPU.ActiveCfg = Release|Any CPU
		{60771B59-75A1-4AAE-9E16-8FECDB853228}.Release|Any CPU.Build.0 = Release|Any CPU
		{47ABAA4F-11F0-45FF-96F2-0281257616DB}.Debug|Any CPU.ActiveCfg = Debug|Any CPU
		{47ABAA4F-11F0-45FF-96F2-0281257616DB}.Debug|Any CPU.Build.0 = Debug|Any CPU
		{47ABAA4F-11F0-45FF-96F2-0281257616DB}.Release|Any CPU.ActiveCfg = Release|Any CPU
		{47ABAA4F-11F0-45FF-96F2-0281257616DB}.Release|Any CPU.Build.0 = Release|Any CPU
	EndGlobalSection
	GlobalSection(SolutionProperties) = preSolution
		HideSolutionNode = FALSE
	EndGlobalSection
	GlobalSection(ExtensibilityGlobals) = postSolution
		SolutionGuid = {564B7F02-167F-423A-A5FC-BA1CE5316D56}
	EndGlobalSection
EndGlobal
